# Generated by buf. DO NOT EDIT.
version: v2
deps:
  - name: buf.build/cludden/protoc-gen-go-temporal
    commit: 2f1805311310465aa9eeb78784ba65d7
    digest: b5:6d0eacce17d6d719790d8d4c1f647e660d7c3270538a23fa3889b4e97a8c4c85f13c7281f43dec3a44be51156d89073462f9b86a87c49c561389ec67dd853a2d
  - name: buf.build/googleapis/googleapis
    commit: 004180b77378443887d3b55cabc00384
    digest: b5:e8f475fe3330f31f5fd86ac689093bcd274e19611a09db91f41d637cb9197881ce89882b94d13a58738e53c91c6e4bae7dc1feba85f590164c975a89e25115dc
  - name: buf.build/temporalio/api
    commit: 6ac9f1de16974e92b7ffe2d55305249f
    digest: b5:5af3b53e50c82b0dbfaf3a773a19cb16c4521c09a3beb44150accb0aae32dab5887b32aec260715b7a4aa4c3592edbe0c4af5bf50d603a580b412bd913b8a9ac
